
Microsoft Visual Studio Solution File, Format Version 12.00
# Visual Studio Version 16
VisualStudioVersion = 16.0.29009.5
MinimumVisualStudioVersion = 10.0.40219.1
Project("{FAE04EC0-301F-11D3-BF4B-00C04F79EFBC}") = "VietnamAds_Practice", "VietnamAds_Practice.csproj", "{2E876A3D-98C8-4B15-8EF3-6A394668EC2C}"
EndProject
Global
	GlobalSection(SolutionConfigurationPlatforms) = preSolution
		Debug|Any CPU = Debug|Any CPU
		Release|Any CPU = Release|Any CPU
	EndGlobalSection
	GlobalSection(ProjectConfigurationPlatforms) = postSolution
		{2E876A3D-98C8-4B15-8EF3-6A394668EC2C}.Debug|Any CPU.ActiveCfg = Debug|Any CPU
		{2E876A3D-98C8-4B15-8EF3-6A394668EC2C}.Debug|Any CPU.Build.0 = Debug|Any CPU
		{2E876A3D-98C8-4B15-8EF3-6A394668EC2C}.Release|Any CPU.ActiveCfg = Release|Any CPU
		{2E876A3D-98C8-4B15-8EF3-6A394668EC2C}.Release|Any CPU.Build.0 = Release|Any CPU
	EndGlobalSection
	GlobalSection(SolutionProperties) = preSolution
		HideSolutionNode = FALSE
	EndGlobalSection
	GlobalSection(ExtensibilityGlobals) = postSolution
		SolutionGuid = {26DD64C4-8834-4484-A621-00FEC54E1C5B}
	EndGlobalSection
EndGlobal
